
Microsoft Visual Studio Solution File, Format Version 12.00
# Visual Studio Version 17
VisualStudioVersion = 17.1.32421.90
MinimumVisualStudioVersion = 10.0.40219.1
Project("{FAE04EC0-301F-11D3-BF4B-00C04F79EFBC}") = "Adaptador06", "Adaptador06\Adaptador06.csproj", "{AEF642CD-A833-4E93-9B60-20770BF9E000}"
EndProject
Global
	GlobalSection(SolutionConfigurationPlatforms) = preSolution
		Debug|Any CPU = Debug|Any CPU
		Release|Any CPU = Release|Any CPU
	EndGlobalSection
	GlobalSection(ProjectConfigurationPlatforms) = postSolution
		{AEF642CD-A833-4E93-9B60-20770BF9E000}.Debug|Any CPU.ActiveCfg = Debug|Any CPU
		{AEF642CD-A833-4E93-9B60-20770BF9E000}.Debug|Any CPU.Build.0 = Debug|Any CPU
		{AEF642CD-A833-4E93-9B60-20770BF9E000}.Release|Any CPU.ActiveCfg = Release|Any CPU
		{AEF642CD-A833-4E93-9B60-20770BF9E000}.Release|Any CPU.Build.0 = Release|Any CPU
	EndGlobalSection
	GlobalSection(SolutionProperties) = preSolution
		HideSolutionNode = FALSE
	EndGlobalSection
	GlobalSection(ExtensibilityGlobals) = postSolution
		SolutionGuid = {A4125DD0-7F45-4576-A322-DEB0D80462D5}
	EndGlobalSection
EndGlobal
