
Microsoft Visual Studio Solution File, Format Version 12.00
# Visual Studio Version 17
VisualStudioVersion = 17.1.32421.90
MinimumVisualStudioVersion = 10.0.40219.1
Project("{FAE04EC0-301F-11D3-BF4B-00C04F79EFBC}") = "FabricaAbstracta11", "FabricaAbstracta11\FabricaAbstracta11.csproj", "{092669FF-7270-41D1-8468-9211CD308BB5}"
EndProject
Global
	GlobalSection(SolutionConfigurationPlatforms) = preSolution
		Debug|Any CPU = Debug|Any CPU
		Release|Any CPU = Release|Any CPU
	EndGlobalSection
	GlobalSection(ProjectConfigurationPlatforms) = postSolution
		{092669FF-7270-41D1-8468-9211CD308BB5}.Debug|Any CPU.ActiveCfg = Debug|Any CPU
		{092669FF-7270-41D1-8468-9211CD308BB5}.Debug|Any CPU.Build.0 = Debug|Any CPU
		{092669FF-7270-41D1-8468-9211CD308BB5}.Release|Any CPU.ActiveCfg = Release|Any CPU
		{092669FF-7270-41D1-8468-9211CD308BB5}.Release|Any CPU.Build.0 = Release|Any CPU
	EndGlobalSection
	GlobalSection(SolutionProperties) = preSolution
		HideSolutionNode = FALSE
	EndGlobalSection
	GlobalSection(ExtensibilityGlobals) = postSolution
		SolutionGuid = {D75A7C6B-7419-480A-8EB9-4D65C4241F27}
	EndGlobalSection
EndGlobal
