
Microsoft Visual Studio Solution File, Format Version 12.00
# Visual Studio Version 16
VisualStudioVersion = 16.0.30413.136
MinimumVisualStudioVersion = 10.0.40219.1
Project("{FAE04EC0-301F-11D3-BF4B-00C04F79EFBC}") = "Proyecto1erParcial", "Proyecto1erParcial\Proyecto1erParcial.csproj", "{09FC5541-6041-47D8-9D52-4F179F969077}"
EndProject
Global
	GlobalSection(SolutionConfigurationPlatforms) = preSolution
		Debug|Any CPU = Debug|Any CPU
		Release|Any CPU = Release|Any CPU
	EndGlobalSection
	GlobalSection(ProjectConfigurationPlatforms) = postSolution
		{09FC5541-6041-47D8-9D52-4F179F969077}.Debug|Any CPU.ActiveCfg = Debug|Any CPU
		{09FC5541-6041-47D8-9D52-4F179F969077}.Debug|Any CPU.Build.0 = Debug|Any CPU
		{09FC5541-6041-47D8-9D52-4F179F969077}.Release|Any CPU.ActiveCfg = Release|Any CPU
		{09FC5541-6041-47D8-9D52-4F179F969077}.Release|Any CPU.Build.0 = Release|Any CPU
	EndGlobalSection
	GlobalSection(SolutionProperties) = preSolution
		HideSolutionNode = FALSE
	EndGlobalSection
	GlobalSection(ExtensibilityGlobals) = postSolution
		SolutionGuid = {99AC4E0A-A23D-43C8-B0C3-A217F066B345}
	EndGlobalSection
EndGlobal
